
Microsoft Visual Studio Solution File, Format Version 9.00
# Visual Studio 2005
Project("{8BC9CEB8-8B4A-11D0-8D11-00A0C91BC942}") = "time_test", "time_test.vcproj", "{205FD7E3-16E5-41AA-81C6-B2F4DB3F5A81}"
EndProject
Global
	GlobalSection(SolutionConfigurationPlatforms) = preSolution
		Debug|Win32 = Debug|Win32
		Release|Win32 = Release|Win32
	EndGlobalSection
	GlobalSection(ProjectConfigurationPlatforms) = postSolution
		{205FD7E3-16E5-41AA-81C6-B2F4DB3F5A81}.Debug|Win32.ActiveCfg = Debug|Win32
		{205FD7E3-16E5-41AA-81C6-B2F4DB3F5A81}.Debug|Win32.Build.0 = Debug|Win32
		{205FD7E3-16E5-41AA-81C6-B2F4DB3F5A81}.Release|Win32.ActiveCfg = Release|Win32
		{205FD7E3-16E5-41AA-81C6-B2F4DB3F5A81}.Release|Win32.Build.0 = Release|Win32
	EndGlobalSection
	GlobalSection(SolutionProperties) = preSolution
		HideSolutionNode = FALSE
	EndGlobalSection
EndGlobal
